// !$*UTF8*$!
{
	archiveVersion = 1;
	classes = {
	};
	objectVersion = 46;
	objects = {

/* Begin PBXBuildFile section */
		37A218FC1D2CA54900A97826 /* AppDelegate.swift in Sources */ = {isa = PBXBuildFile; fileRef = 37A218FB1D2CA54900A97826 /* AppDelegate.swift */; };
		37A218FE1D2CA54900A97826 /* ViewController.swift in Sources */ = {isa = PBXBuildFile; fileRef = 37A218FD1D2CA54900A97826 /* ViewController.swift */; };
		37A219011D2CA54900A97826 /* Main.storyboard in Resources */ = {isa = PBXBuildFile; fileRef = 37A218FF1D2CA54900A97826 /* Main.storyboard */; };
		37A219031D2CA54900A97826 /* Assets.xcassets in Resources */ = {isa = PBXBuildFile; fileRef = 37A219021D2CA54900A97826 /* Assets.xcassets */; };
		37A219061D2CA54900A97826 /* LaunchScreen.storyboard in Resources */ = {isa = PBXBuildFile; fileRef = 37A219041D2CA54900A97826 /* LaunchScreen.storyboard */; };
/* End PBXBuildFile section */

/* Begin PBXFileReference section */
		37A218F81D2CA54800A97826 /* GoF-2.app */ = {isa = PBXFileReference; explicitFileType = wrapper.application; includeInIndex = 0; path = "GoF-2.app"; sourceTree = BUILT_PRODUCTS_DIR; };
		37A218FB1D2CA54900A97826 /* AppDelegate.swift */ = {isa = PBXFileReference; lastKnownFileType = sourcecode.swift; path = AppDelegate.swift; sourceTree = "<group>"; };
		37A218FD1D2CA54900A97826 /* ViewController.swift */ = {isa = PBXFileReference; lastKnownFileType = sourcecode.swift; path = ViewController.swift; sourceTree = "<group>"; };
		37A219001D2CA54900A97826 /* Base */ = {isa = PBXFileReference; lastKnownFileType = file.storyboard; name = Base; path = Base.lproj/Main.storyboard; sourceTree = "<group>"; };
		37A219021D2CA54900A97826 /* Assets.xcassets */ = {isa = PBXFileReference; lastKnownFileType = folder.assetcatalog; path = Assets.xcassets; sourceTree = "<group>"; };
		37A219051D2CA54900A97826 /* Base */ = {isa = PBXFileReference; lastKnownFileType = file.storyboard; name = Base; path = Base.lproj/LaunchScreen.storyboard; sourceTree = "<group>"; };
		37A219071D2CA54900A97826 /* Info.plist */ = {isa = PBXFileReference; lastKnownFileType = text.plist.xml; path = Info.plist; sourceTree = "<group>"; };
/* End PBXFileReference section */

/* Begin PBXFrameworksBuildPhase section */
		37A218F51D2CA54800A97826 /* Frameworks */ = {
			isa = PBXFrameworksBuildPhase;
			buildActionMask = 2147483647;
			files = (
			);
			runOnlyForDeploymentPostprocessing = 0;
		};
/* End PBXFrameworksBuildPhase section */

/* Begin PBXGroup section */
		37A218EF1D2CA54800A97826 = {
			isa = PBXGroup;
			children = (
				37A218FA1D2CA54800A97826 /* GoF-2 */,
				37A218F91D2CA54800A97826 /* Products */,
			);
			sourceTree = "<group>";
		};
		37A218F91D2CA54800A97826 /* Products */ = {
			isa = PBXGroup;
			children = (
				37A218F81D2CA54800A97826 /* GoF-2.app */,
			);
			name = Products;
			sourceTree = "<group>";
		};
		37A218FA1D2CA54800A97826 /* GoF-2 */ = {
			isa = PBXGroup;
			children = (
				37A218FB1D2CA54900A97826 /* AppDelegate.swift */,
				37A218FD1D2CA54900A97826 /* ViewController.swift */,
				37A218FF1D2CA54900A97826 /* Main.storyboard */,
				37A219021D2CA54900A97826 /* Assets.xcassets */,
				37A219041D2CA54900A97826 /* LaunchScreen.storyboard */,
				37A219071D2CA54900A97826 /* Info.plist */,
			);
			path = "GoF-2";
			sourceTree = "<group>";
		};
/* End PBXGroup section */

/* Begin PBXNativeTarget section */
		37A218F71D2CA54800A97826 /* GoF-2 */ = {
			isa = PBXNativeTarget;
			buildConfigurationList = 37A2190A1D2CA54900A97826 /* Build configuration list for PBXNativeTarget "GoF-2" */;
			buildPhases = (
				37A218F41D2CA54800A97826 /* Sources */,
				37A218F51D2CA54800A97826 /* Frameworks */,
				37A218F61D2CA54800A97826 /* Resources */,
			);
			buildRules = (
			);
			dependencies = (
			);
			name = "GoF-2";
			productName = "GoF-2";
			productReference = 37A218F81D2CA54800A97826 /* GoF-2.app */;
			productType = "com.apple.product-type.application";
		};
/* End PBXNativeTarget section */

/* Begin PBXProject section */
		37A218F01D2CA54800A97826 /* Project object */ = {
			isa = PBXProject;
			attributes = {
				LastSwiftUpdateCheck = 0730;
				LastUpgradeCheck = 0730;
				ORGANIZATIONNAME = "Dan Armendariz";
				TargetAttributes = {
					37A218F71D2CA54800A97826 = {
						CreatedOnToolsVersion = 7.3.1;
					};
				};
			};
			buildConfigurationList = 37A218F31D2CA54800A97826 /* Build configuration list for PBXProject "GoF-2" */;
			compatibilityVersion = "Xcode 3.2";
			developmentRegion = English;
			hasScannedForEncodings = 0;
			knownRegions = (
				en,
				Base,
			);
			mainGroup = 37A218EF1D2CA54800A97826;
			productRefGroup = 37A218F91D2CA54800A97826 /* Products */;
			projectDirPath = "";
			projectRoot = "";
			targets = (
				37A218F71D2CA54800A97826 /* GoF-2 */,
			);
		};
/* End PBXProject section */

/* Begin PBXResourcesBuildPhase section */
		37A218F61D2CA54800A97826 /* Resources */ = {
			isa = PBXResourcesBuildPhase;
			buildActionMask = 2147483647;
			files = (
				37A219061D2CA54900A97826 /* LaunchScreen.storyboard in Resources */,
				37A219031D2CA54900A97826 /* Assets.xcassets in Resources */,
				37A219011D2CA54900A97826 /* Main.storyboard in Resources */,
			);
			runOnlyForDeploymentPostprocessing = 0;
		};
/* End PBXResourcesBuildPhase section */

/* Begin PBXSourcesBuildPhase section */
		37A218F41D2CA54800A97826 /* Sources */ = {
			isa = PBXSourcesBuildPhase;
			buildActionMask = 2147483647;
			files = (
				37A218FE1D2CA54900A97826 /* ViewController.swift in Sources */,
				37A218FC1D2CA54900A97826 /* AppDelegate.swift in Sources */,
			);
			runOnlyForDeploymentPostprocessing = 0;
		};
/* End PBXSourcesBuildPhase section */

/* Begin PBXVariantGroup section */
		37A218FF1D2CA54900A97826 /* Main.storyboard */ = {
			isa = PBXVariantGroup;
			children = (
				37A219001D2CA54900A97826 /* Base */,
			);
			name = Main.storyboard;
			sourceTree = "<group>";
		};
		37A219041D2CA54900A97826 /* LaunchScreen.storyboard */ = {
			isa = PBXVariantGroup;
			children = (
				37A219051D2CA54900A97826 /* Base */,
			);
			name = LaunchScreen.storyboard;
			sourceTree = "<group>";
		};
/* End PBXVariantGroup section */

/* Begin XCBuildConfiguration section */
		37A219081D2CA54900A97826 /* Debug */ = {
			isa = XCBuildConfiguration;
			buildSettings = {
				ALWAYS_SEARCH_USER_PATHS = NO;
				CLANG_ANALYZER_NONNULL = YES;
				CLANG_CXX_LANGUAGE_STANDARD = "gnu++0x";
				CLANG_CXX_LIBRARY = "libc++";
				CLANG_ENABLE_MODULES = YES;
				CLANG_ENABLE_OBJC_ARC = YES;
				CLANG_WARN_BOOL_CONVERSION = YES;
				CLANG_WARN_CONSTANT_CONVERSION = YES;
				CLANG_WARN_DIRECT_OBJC_ISA_USAGE = YES_ERROR;
				CLANG_WARN_EMPTY_BODY = YES;
				CLANG_WARN_ENUM_CONVERSION = YES;
				CLANG_WARN_INT_CONVERSION = YES;
				CLANG_WARN_OBJC_ROOT_CLASS = YES_ERROR;
				CLANG_WARN_UNREACHABLE_CODE = YES;
				CLANG_WARN__DUPLICATE_METHOD_MATCH = YES;
				"CODE_SIGN_IDENTITY[sdk=iphoneos*]" = "iPhone Developer";
				COPY_PHASE_STRIP = NO;
				DEBUG_INFORMATION_FORMAT = dwarf;
				ENABLE_STRICT_OBJC_MSGSEND = YES;
				ENABLE_TESTABILITY = YES;
				GCC_C_LANGUAGE_STANDARD = gnu99;
				GCC_DYNAMIC_NO_PIC = NO;
				GCC_NO_COMMON_BLOCKS = YES;
				GCC_OPTIMIZATION_LEVEL = 0;
				GCC_PREPROCESSOR_DEFINITIONS = (
					"DEBUG=1",
					"$(inherited)",
				);
				GCC_WARN_64_TO_32_BIT_CONVERSION = YES;
				GCC_WARN_ABOUT_RETURN_TYPE = YES_ERROR;
				GCC_WARN_UNDECLARED_SELECTOR = YES;
				GCC_WARN_UNINITIALIZED_AUTOS = YES_AGGRESSIVE;
				GCC_WARN_UNUSED_FUNCTION = YES;
				GCC_WARN_UNUSED_VARIABLE = YES;
				IPHONEOS_DEPLOYMENT_TARGET = 9.3;
				MTL_ENABLE_DEBUG_INFO = YES;
				ONLY_ACTIVE_ARCH = YES;
				SDKROOT = iphoneos;
				SWIFT_OPTIMIZATION_LEVEL = "-Onone";
				TARGETED_DEVICE_FAMILY = "1,2";
			};
			name = Debug;
		};
		37A219091D2CA54900A97826 /* Release */ = {
			isa = XCBuildConfiguration;
			buildSettings = {
				ALWAYS_SEARCH_USER_PATHS = NO;
				CLANG_ANALYZER_NONNULL = YES;
				CLANG_CXX_LANGUAGE_STANDARD = "gnu++0x";
				CLANG_CXX_LIBRARY = "libc++";
				CLANG_ENABLE_MODULES = YES;
				CLANG_ENABLE_OBJC_ARC = YES;
				CLANG_WARN_BOOL_CONVERSION = YES;
				CLANG_WARN_CONSTANT_CONVERSION = YES;
				CLANG_WARN_DIRECT_OBJC_ISA_USAGE = YES_ERROR;
				CLANG_WARN_EMPTY_BODY = YES;
				CLANG_WARN_ENUM_CONVERSION = YES;
				CLANG_WARN_INT_CONVERSION = YES;
				CLANG_WARN_OBJC_ROOT_CLASS = YES_ERROR;
				CLANG_WARN_UNREACHABLE_CODE = YES;
				CLANG_WARN__DUPLICATE_METHOD_MATCH = YES;
				"CODE_SIGN_IDENTITY[sdk=iphoneos*]" = "iPhone Developer";
				COPY_PHASE_STRIP = NO;
				DEBUG_INFORMATION_FORMAT = "dwarf-with-dsym";
				ENABLE_NS_ASSERTIONS = NO;
				ENABLE_STRICT_OBJC_MSGSEND = YES;
				GCC_C_LANGUAGE_STANDARD = gnu99;
				GCC_NO_COMMON_BLOCKS = YES;
				GCC_WARN_64_TO_32_BIT_CONVERSION = YES;
				GCC_WARN_ABOUT_RETURN_TYPE = YES_ERROR;
				GCC_WARN_UNDECLARED_SELECTOR = YES;
				GCC_WARN_UNINITIALIZED_AUTOS = YES_AGGRESSIVE;
				GCC_WARN_UNUSED_FUNCTION = YES;
				GCC_WARN_UNUSED_VARIABLE = YES;
				IPHONEOS_DEPLOYMENT_TARGET = 9.3;
				MTL_ENABLE_DEBUG_INFO = NO;
				SDKROOT = iphoneos;
				TARGETED_DEVICE_FAMILY = "1,2";
				VALIDATE_PRODUCT = YES;
			};
			name = Release;
		};
		37A2190B1D2CA54900A97826 /* Debug */ = {
			isa = XCBuildConfiguration;
			buildSettings = {
				ASSETCATALOG_COMPILER_APPICON_NAME = AppIcon;
				INFOPLIST_FILE = "GoF-2/Info.plist";
				LD_RUNPATH_SEARCH_PATHS = "$(inherited) @executable_path/Frameworks";
				PRODUCT_BUNDLE_IDENTIFIER = "net.danallan.GoF-2";
				PRODUCT_NAME = "$(TARGET_NAME)";
			};
			name = Debug;
		};
		37A2190C1D2CA54900A97826 /* Release */ = {
			isa = XCBuildConfiguration;
			buildSettings = {
				ASSETCATALOG_COMPILER_APPICON_NAME = AppIcon;
				INFOPLIST_FILE = "GoF-2/Info.plist";
				LD_RUNPATH_SEARCH_PATHS = "$(inherited) @executable_path/Frameworks";
				PRODUCT_BUNDLE_IDENTIFIER = "net.danallan.GoF-2";
				PRODUCT_NAME = "$(TARGET_NAME)";
			};
			name = Release;
		};
/* End XCBuildConfiguration section */

/* Begin XCConfigurationList section */
		37A218F31D2CA54800A97826 /* Build configuration list for PBXProject "GoF-2" */ = {
			isa = XCConfigurationList;
			buildConfigurations = (
				37A219081D2CA54900A97826 /* Debug */,
				37A219091D2CA54900A97826 /* Release */,
			);
			defaultConfigurationIsVisible = 0;
			defaultConfigurationName = Release;
		};
		37A2190A1D2CA54900A97826 /* Build configuration list for PBXNativeTarget "GoF-2" */ = {
			isa = XCConfigurationList;
			buildConfigurations = (
				37A2190B1D2CA54900A97826 /* Debug */,
				37A2190C1D2CA54900A97826 /* Release */,
			);
			defaultConfigurationIsVisible = 0;
		};
/* End XCConfigurationList section */
	};
	rootObject = 37A218F01D2CA54800A97826 /* Project object */;
}
