// !$*UTF8*$!
{
	archiveVersion = 1;
	classes = {
	};
	objectVersion = 46;
	objects = {

/* Begin PBXBuildFile section */
		37CE03491A1E5A7C00E78CF9 /* AppDelegate.swift in Sources */ = {isa = PBXBuildFile; fileRef = 37CE03481A1E5A7C00E78CF9 /* AppDelegate.swift */; };
		37CE034B1A1E5A7C00E78CF9 /* ViewController.swift in Sources */ = {isa = PBXBuildFile; fileRef = 37CE034A1A1E5A7C00E78CF9 /* ViewController.swift */; };
		37CE034E1A1E5A7C00E78CF9 /* Main.storyboard in Resources */ = {isa = PBXBuildFile; fileRef = 37CE034C1A1E5A7C00E78CF9 /* Main.storyboard */; };
		37CE03501A1E5A7C00E78CF9 /* Images.xcassets in Resources */ = {isa = PBXBuildFile; fileRef = 37CE034F1A1E5A7C00E78CF9 /* Images.xcassets */; };
		37CE03531A1E5A7C00E78CF9 /* LaunchScreen.xib in Resources */ = {isa = PBXBuildFile; fileRef = 37CE03511A1E5A7C00E78CF9 /* LaunchScreen.xib */; };
		37CE035F1A1E5A7C00E78CF9 /* ios4Tests.swift in Sources */ = {isa = PBXBuildFile; fileRef = 37CE035E1A1E5A7C00E78CF9 /* ios4Tests.swift */; };
/* End PBXBuildFile section */

/* Begin PBXContainerItemProxy section */
		37CE03591A1E5A7C00E78CF9 /* PBXContainerItemProxy */ = {
			isa = PBXContainerItemProxy;
			containerPortal = 37CE033B1A1E5A7C00E78CF9 /* Project object */;
			proxyType = 1;
			remoteGlobalIDString = 37CE03421A1E5A7C00E78CF9;
			remoteInfo = ios4;
		};
/* End PBXContainerItemProxy section */

/* Begin PBXFileReference section */
		37CE03431A1E5A7C00E78CF9 /* ios4.app */ = {isa = PBXFileReference; explicitFileType = wrapper.application; includeInIndex = 0; path = ios4.app; sourceTree = BUILT_PRODUCTS_DIR; };
		37CE03471A1E5A7C00E78CF9 /* Info.plist */ = {isa = PBXFileReference; lastKnownFileType = text.plist.xml; path = Info.plist; sourceTree = "<group>"; };
		37CE03481A1E5A7C00E78CF9 /* AppDelegate.swift */ = {isa = PBXFileReference; lastKnownFileType = sourcecode.swift; path = AppDelegate.swift; sourceTree = "<group>"; };
		37CE034A1A1E5A7C00E78CF9 /* ViewController.swift */ = {isa = PBXFileReference; lastKnownFileType = sourcecode.swift; path = ViewController.swift; sourceTree = "<group>"; };
		37CE034D1A1E5A7C00E78CF9 /* Base */ = {isa = PBXFileReference; lastKnownFileType = file.storyboard; name = Base; path = Base.lproj/Main.storyboard; sourceTree = "<group>"; };
		37CE034F1A1E5A7C00E78CF9 /* Images.xcassets */ = {isa = PBXFileReference; lastKnownFileType = folder.assetcatalog; path = Images.xcassets; sourceTree = "<group>"; };
		37CE03521A1E5A7C00E78CF9 /* Base */ = {isa = PBXFileReference; lastKnownFileType = file.xib; name = Base; path = Base.lproj/LaunchScreen.xib; sourceTree = "<group>"; };
		37CE03581A1E5A7C00E78CF9 /* ios4Tests.xctest */ = {isa = PBXFileReference; explicitFileType = wrapper.cfbundle; includeInIndex = 0; path = ios4Tests.xctest; sourceTree = BUILT_PRODUCTS_DIR; };
		37CE035D1A1E5A7C00E78CF9 /* Info.plist */ = {isa = PBXFileReference; lastKnownFileType = text.plist.xml; path = Info.plist; sourceTree = "<group>"; };
		37CE035E1A1E5A7C00E78CF9 /* ios4Tests.swift */ = {isa = PBXFileReference; lastKnownFileType = sourcecode.swift; path = ios4Tests.swift; sourceTree = "<group>"; };
/* End PBXFileReference section */

/* Begin PBXFrameworksBuildPhase section */
		37CE03401A1E5A7C00E78CF9 /* Frameworks */ = {
			isa = PBXFrameworksBuildPhase;
			buildActionMask = 2147483647;
			files = (
			);
			runOnlyForDeploymentPostprocessing = 0;
		};
		37CE03551A1E5A7C00E78CF9 /* Frameworks */ = {
			isa = PBXFrameworksBuildPhase;
			buildActionMask = 2147483647;
			files = (
			);
			runOnlyForDeploymentPostprocessing = 0;
		};
/* End PBXFrameworksBuildPhase section */

/* Begin PBXGroup section */
		37CE033A1A1E5A7C00E78CF9 = {
			isa = PBXGroup;
			children = (
				37CE03451A1E5A7C00E78CF9 /* ios4 */,
				37CE035B1A1E5A7C00E78CF9 /* ios4Tests */,
				37CE03441A1E5A7C00E78CF9 /* Products */,
			);
			sourceTree = "<group>";
		};
		37CE03441A1E5A7C00E78CF9 /* Products */ = {
			isa = PBXGroup;
			children = (
				37CE03431A1E5A7C00E78CF9 /* ios4.app */,
				37CE03581A1E5A7C00E78CF9 /* ios4Tests.xctest */,
			);
			name = Products;
			sourceTree = "<group>";
		};
		37CE03451A1E5A7C00E78CF9 /* ios4 */ = {
			isa = PBXGroup;
			children = (
				37CE03481A1E5A7C00E78CF9 /* AppDelegate.swift */,
				37CE034A1A1E5A7C00E78CF9 /* ViewController.swift */,
				37CE034C1A1E5A7C00E78CF9 /* Main.storyboard */,
				37CE034F1A1E5A7C00E78CF9 /* Images.xcassets */,
				37CE03511A1E5A7C00E78CF9 /* LaunchScreen.xib */,
				37CE03461A1E5A7C00E78CF9 /* Supporting Files */,
			);
			path = ios4;
			sourceTree = "<group>";
		};
		37CE03461A1E5A7C00E78CF9 /* Supporting Files */ = {
			isa = PBXGroup;
			children = (
				37CE03471A1E5A7C00E78CF9 /* Info.plist */,
			);
			name = "Supporting Files";
			sourceTree = "<group>";
		};
		37CE035B1A1E5A7C00E78CF9 /* ios4Tests */ = {
			isa = PBXGroup;
			children = (
				37CE035E1A1E5A7C00E78CF9 /* ios4Tests.swift */,
				37CE035C1A1E5A7C00E78CF9 /* Supporting Files */,
			);
			path = ios4Tests;
			sourceTree = "<group>";
		};
		37CE035C1A1E5A7C00E78CF9 /* Supporting Files */ = {
			isa = PBXGroup;
			children = (
				37CE035D1A1E5A7C00E78CF9 /* Info.plist */,
			);
			name = "Supporting Files";
			sourceTree = "<group>";
		};
/* End PBXGroup section */

/* Begin PBXNativeTarget section */
		37CE03421A1E5A7C00E78CF9 /* ios4 */ = {
			isa = PBXNativeTarget;
			buildConfigurationList = 37CE03621A1E5A7C00E78CF9 /* Build configuration list for PBXNativeTarget "ios4" */;
			buildPhases = (
				37CE033F1A1E5A7C00E78CF9 /* Sources */,
				37CE03401A1E5A7C00E78CF9 /* Frameworks */,
				37CE03411A1E5A7C00E78CF9 /* Resources */,
			);
			buildRules = (
			);
			dependencies = (
			);
			name = ios4;
			productName = ios4;
			productReference = 37CE03431A1E5A7C00E78CF9 /* ios4.app */;
			productType = "com.apple.product-type.application";
		};
		37CE03571A1E5A7C00E78CF9 /* ios4Tests */ = {
			isa = PBXNativeTarget;
			buildConfigurationList = 37CE03651A1E5A7C00E78CF9 /* Build configuration list for PBXNativeTarget "ios4Tests" */;
			buildPhases = (
				37CE03541A1E5A7C00E78CF9 /* Sources */,
				37CE03551A1E5A7C00E78CF9 /* Frameworks */,
				37CE03561A1E5A7C00E78CF9 /* Resources */,
			);
			buildRules = (
			);
			dependencies = (
				37CE035A1A1E5A7C00E78CF9 /* PBXTargetDependency */,
			);
			name = ios4Tests;
			productName = ios4Tests;
			productReference = 37CE03581A1E5A7C00E78CF9 /* ios4Tests.xctest */;
			productType = "com.apple.product-type.bundle.unit-test";
		};
/* End PBXNativeTarget section */

/* Begin PBXProject section */
		37CE033B1A1E5A7C00E78CF9 /* Project object */ = {
			isa = PBXProject;
			attributes = {
				LastSwiftMigration = 0730;
				LastSwiftUpdateCheck = 0730;
				LastUpgradeCheck = 0610;
				ORGANIZATIONNAME = "Dan Armendariz";
				TargetAttributes = {
					37CE03421A1E5A7C00E78CF9 = {
						CreatedOnToolsVersion = 6.1;
					};
					37CE03571A1E5A7C00E78CF9 = {
						CreatedOnToolsVersion = 6.1;
						TestTargetID = 37CE03421A1E5A7C00E78CF9;
					};
				};
			};
			buildConfigurationList = 37CE033E1A1E5A7C00E78CF9 /* Build configuration list for PBXProject "ios4" */;
			compatibilityVersion = "Xcode 3.2";
			developmentRegion = English;
			hasScannedForEncodings = 0;
			knownRegions = (
				en,
				Base,
			);
			mainGroup = 37CE033A1A1E5A7C00E78CF9;
			productRefGroup = 37CE03441A1E5A7C00E78CF9 /* Products */;
			projectDirPath = "";
			projectRoot = "";
			targets = (
				37CE03421A1E5A7C00E78CF9 /* ios4 */,
				37CE03571A1E5A7C00E78CF9 /* ios4Tests */,
			);
		};
/* End PBXProject section */

/* Begin PBXResourcesBuildPhase section */
		37CE03411A1E5A7C00E78CF9 /* Resources */ = {
			isa = PBXResourcesBuildPhase;
			buildActionMask = 2147483647;
			files = (
				37CE034E1A1E5A7C00E78CF9 /* Main.storyboard in Resources */,
				37CE03531A1E5A7C00E78CF9 /* LaunchScreen.xib in Resources */,
				37CE03501A1E5A7C00E78CF9 /* Images.xcassets in Resources */,
			);
			runOnlyForDeploymentPostprocessing = 0;
		};
		37CE03561A1E5A7C00E78CF9 /* Resources */ = {
			isa = PBXResourcesBuildPhase;
			buildActionMask = 2147483647;
			files = (
			);
			runOnlyForDeploymentPostprocessing = 0;
		};
/* End PBXResourcesBuildPhase section */

/* Begin PBXSourcesBuildPhase section */
		37CE033F1A1E5A7C00E78CF9 /* Sources */ = {
			isa = PBXSourcesBuildPhase;
			buildActionMask = 2147483647;
			files = (
				37CE034B1A1E5A7C00E78CF9 /* ViewController.swift in Sources */,
				37CE03491A1E5A7C00E78CF9 /* AppDelegate.swift in Sources */,
			);
			runOnlyForDeploymentPostprocessing = 0;
		};
		37CE03541A1E5A7C00E78CF9 /* Sources */ = {
			isa = PBXSourcesBuildPhase;
			buildActionMask = 2147483647;
			files = (
				37CE035F1A1E5A7C00E78CF9 /* ios4Tests.swift in Sources */,
			);
			runOnlyForDeploymentPostprocessing = 0;
		};
/* End PBXSourcesBuildPhase section */

/* Begin PBXTargetDependency section */
		37CE035A1A1E5A7C00E78CF9 /* PBXTargetDependency */ = {
			isa = PBXTargetDependency;
			target = 37CE03421A1E5A7C00E78CF9 /* ios4 */;
			targetProxy = 37CE03591A1E5A7C00E78CF9 /* PBXContainerItemProxy */;
		};
/* End PBXTargetDependency section */

/* Begin PBXVariantGroup section */
		37CE034C1A1E5A7C00E78CF9 /* Main.storyboard */ = {
			isa = PBXVariantGroup;
			children = (
				37CE034D1A1E5A7C00E78CF9 /* Base */,
			);
			name = Main.storyboard;
			sourceTree = "<group>";
		};
		37CE03511A1E5A7C00E78CF9 /* LaunchScreen.xib */ = {
			isa = PBXVariantGroup;
			children = (
				37CE03521A1E5A7C00E78CF9 /* Base */,
			);
			name = LaunchScreen.xib;
			sourceTree = "<group>";
		};
/* End PBXVariantGroup section */

/* Begin XCBuildConfiguration section */
		37CE03601A1E5A7C00E78CF9 /* Debug */ = {
			isa = XCBuildConfiguration;
			buildSettings = {
				ALWAYS_SEARCH_USER_PATHS = NO;
				CLANG_CXX_LANGUAGE_STANDARD = "gnu++0x";
				CLANG_CXX_LIBRARY = "libc++";
				CLANG_ENABLE_MODULES = YES;
				CLANG_ENABLE_OBJC_ARC = YES;
				CLANG_WARN_BOOL_CONVERSION = YES;
				CLANG_WARN_CONSTANT_CONVERSION = YES;
				CLANG_WARN_DIRECT_OBJC_ISA_USAGE = YES_ERROR;
				CLANG_WARN_EMPTY_BODY = YES;
				CLANG_WARN_ENUM_CONVERSION = YES;
				CLANG_WARN_INT_CONVERSION = YES;
				CLANG_WARN_OBJC_ROOT_CLASS = YES_ERROR;
				CLANG_WARN_UNREACHABLE_CODE = YES;
				CLANG_WARN__DUPLICATE_METHOD_MATCH = YES;
				"CODE_SIGN_IDENTITY[sdk=iphoneos*]" = "iPhone Developer";
				COPY_PHASE_STRIP = NO;
				ENABLE_STRICT_OBJC_MSGSEND = YES;
				GCC_C_LANGUAGE_STANDARD = gnu99;
				GCC_DYNAMIC_NO_PIC = NO;
				GCC_OPTIMIZATION_LEVEL = 0;
				GCC_PREPROCESSOR_DEFINITIONS = (
					"DEBUG=1",
					"$(inherited)",
				);
				GCC_SYMBOLS_PRIVATE_EXTERN = NO;
				GCC_WARN_64_TO_32_BIT_CONVERSION = YES;
				GCC_WARN_ABOUT_RETURN_TYPE = YES_ERROR;
				GCC_WARN_UNDECLARED_SELECTOR = YES;
				GCC_WARN_UNINITIALIZED_AUTOS = YES_AGGRESSIVE;
				GCC_WARN_UNUSED_FUNCTION = YES;
				GCC_WARN_UNUSED_VARIABLE = YES;
				IPHONEOS_DEPLOYMENT_TARGET = 8.1;
				MTL_ENABLE_DEBUG_INFO = YES;
				ONLY_ACTIVE_ARCH = YES;
				SDKROOT = iphoneos;
				SWIFT_OPTIMIZATION_LEVEL = "-Onone";
				TARGETED_DEVICE_FAMILY = "1,2";
			};
			name = Debug;
		};
		37CE03611A1E5A7C00E78CF9 /* Release */ = {
			isa = XCBuildConfiguration;
			buildSettings = {
				ALWAYS_SEARCH_USER_PATHS = NO;
				CLANG_CXX_LANGUAGE_STANDARD = "gnu++0x";
				CLANG_CXX_LIBRARY = "libc++";
				CLANG_ENABLE_MODULES = YES;
				CLANG_ENABLE_OBJC_ARC = YES;
				CLANG_WARN_BOOL_CONVERSION = YES;
				CLANG_WARN_CONSTANT_CONVERSION = YES;
				CLANG_WARN_DIRECT_OBJC_ISA_USAGE = YES_ERROR;
				CLANG_WARN_EMPTY_BODY = YES;
				CLANG_WARN_ENUM_CONVERSION = YES;
				CLANG_WARN_INT_CONVERSION = YES;
				CLANG_WARN_OBJC_ROOT_CLASS = YES_ERROR;
				CLANG_WARN_UNREACHABLE_CODE = YES;
				CLANG_WARN__DUPLICATE_METHOD_MATCH = YES;
				"CODE_SIGN_IDENTITY[sdk=iphoneos*]" = "iPhone Developer";
				COPY_PHASE_STRIP = YES;
				ENABLE_NS_ASSERTIONS = NO;
				ENABLE_STRICT_OBJC_MSGSEND = YES;
				GCC_C_LANGUAGE_STANDARD = gnu99;
				GCC_WARN_64_TO_32_BIT_CONVERSION = YES;
				GCC_WARN_ABOUT_RETURN_TYPE = YES_ERROR;
				GCC_WARN_UNDECLARED_SELECTOR = YES;
				GCC_WARN_UNINITIALIZED_AUTOS = YES_AGGRESSIVE;
				GCC_WARN_UNUSED_FUNCTION = YES;
				GCC_WARN_UNUSED_VARIABLE = YES;
				IPHONEOS_DEPLOYMENT_TARGET = 8.1;
				MTL_ENABLE_DEBUG_INFO = NO;
				SDKROOT = iphoneos;
				TARGETED_DEVICE_FAMILY = "1,2";
				VALIDATE_PRODUCT = YES;
			};
			name = Release;
		};
		37CE03631A1E5A7C00E78CF9 /* Debug */ = {
			isa = XCBuildConfiguration;
			buildSettings = {
				ASSETCATALOG_COMPILER_APPICON_NAME = AppIcon;
				INFOPLIST_FILE = ios4/Info.plist;
				LD_RUNPATH_SEARCH_PATHS = "$(inherited) @executable_path/Frameworks";
				PRODUCT_NAME = "$(TARGET_NAME)";
			};
			name = Debug;
		};
		37CE03641A1E5A7C00E78CF9 /* Release */ = {
			isa = XCBuildConfiguration;
			buildSettings = {
				ASSETCATALOG_COMPILER_APPICON_NAME = AppIcon;
				INFOPLIST_FILE = ios4/Info.plist;
				LD_RUNPATH_SEARCH_PATHS = "$(inherited) @executable_path/Frameworks";
				PRODUCT_NAME = "$(TARGET_NAME)";
			};
			name = Release;
		};
		37CE03661A1E5A7C00E78CF9 /* Debug */ = {
			isa = XCBuildConfiguration;
			buildSettings = {
				BUNDLE_LOADER = "$(TEST_HOST)";
				FRAMEWORK_SEARCH_PATHS = (
					"$(SDKROOT)/Developer/Library/Frameworks",
					"$(inherited)",
				);
				GCC_PREPROCESSOR_DEFINITIONS = (
					"DEBUG=1",
					"$(inherited)",
				);
				INFOPLIST_FILE = ios4Tests/Info.plist;
				LD_RUNPATH_SEARCH_PATHS = "$(inherited) @executable_path/Frameworks @loader_path/Frameworks";
				PRODUCT_NAME = "$(TARGET_NAME)";
				TEST_HOST = "$(BUILT_PRODUCTS_DIR)/ios4.app/ios4";
			};
			name = Debug;
		};
		37CE03671A1E5A7C00E78CF9 /* Release */ = {
			isa = XCBuildConfiguration;
			buildSettings = {
				BUNDLE_LOADER = "$(TEST_HOST)";
				FRAMEWORK_SEARCH_PATHS = (
					"$(SDKROOT)/Developer/Library/Frameworks",
					"$(inherited)",
				);
				INFOPLIST_FILE = ios4Tests/Info.plist;
				LD_RUNPATH_SEARCH_PATHS = "$(inherited) @executable_path/Frameworks @loader_path/Frameworks";
				PRODUCT_NAME = "$(TARGET_NAME)";
				TEST_HOST = "$(BUILT_PRODUCTS_DIR)/ios4.app/ios4";
			};
			name = Release;
		};
/* End XCBuildConfiguration section */

/* Begin XCConfigurationList section */
		37CE033E1A1E5A7C00E78CF9 /* Build configuration list for PBXProject "ios4" */ = {
			isa = XCConfigurationList;
			buildConfigurations = (
				37CE03601A1E5A7C00E78CF9 /* Debug */,
				37CE03611A1E5A7C00E78CF9 /* Release */,
			);
			defaultConfigurationIsVisible = 0;
			defaultConfigurationName = Release;
		};
		37CE03621A1E5A7C00E78CF9 /* Build configuration list for PBXNativeTarget "ios4" */ = {
			isa = XCConfigurationList;
			buildConfigurations = (
				37CE03631A1E5A7C00E78CF9 /* Debug */,
				37CE03641A1E5A7C00E78CF9 /* Release */,
			);
			defaultConfigurationIsVisible = 0;
			defaultConfigurationName = Release;
		};
		37CE03651A1E5A7C00E78CF9 /* Build configuration list for PBXNativeTarget "ios4Tests" */ = {
			isa = XCConfigurationList;
			buildConfigurations = (
				37CE03661A1E5A7C00E78CF9 /* Debug */,
				37CE03671A1E5A7C00E78CF9 /* Release */,
			);
			defaultConfigurationIsVisible = 0;
			defaultConfigurationName = Release;
		};
/* End XCConfigurationList section */
	};
	rootObject = 37CE033B1A1E5A7C00E78CF9 /* Project object */;
}
